# Environment Lock File for 3D Navier-Stokes Project
# Generated: 2026-01-06
# Purpose: Ensure reproducibility of results across different environments
# 
# IMPORTANT: This file is for DOCUMENTATION and VERIFICATION purposes.
# For installation, use: pip install -r requirements.txt
# To verify your environment matches these versions: bash Scripts/verify_environment.sh

# ============================================================================
# PYTHON VERSION
# ============================================================================
# Python 3.9+ required (tested with 3.9, 3.10, 3.11, 3.12)
# Recommended: Python 3.12.3

# ============================================================================
# CORE SCIENTIFIC COMPUTING DEPENDENCIES
# ============================================================================
numpy==2.4.0
scipy==1.16.3
matplotlib==3.10.8
sympy==1.14.0
psutil==7.2.1
PyPDF2==3.0.1

# ============================================================================
# LEAN 4 TOOLCHAIN
# ============================================================================
# Lean Version: leanprover/lean4:v4.25.0-rc2
# Defined in: lean-toolchain
# Lake manifest: lake-manifest.json (version 1.1.0)

# Key Lean Dependencies:
# - mathlib4 @ rev: 23525844c62313c518f24f4e60e9c498d3f6524f
# - aesop @ rev: 1fa48c6a63b4c4cda28be61e1037192776e77ac0
# - batteries @ rev: c44068fa1b40041e6df42bd67639b690eb2764ca

# ============================================================================
# REPRODUCIBILITY NOTES
# ============================================================================
# 
# To ensure reproducible results:
# 
# 1. Python Environment:
#    - Use Python 3.9 or higher
#    - Install dependencies: pip install -r requirements.txt
#    - Verify versions: bash Scripts/verify_environment.sh
#    - Set random seeds in scripts when applicable
#    - Use numpy.random.seed() for deterministic runs
# 
# 2. Lean 4 Environment:
#    - Use exact Lean version from lean-toolchain
#    - Lake dependencies are locked in lake-manifest.json
#    - Run: lake update && lake build
# 
# 3. System Requirements:
#    - Ubuntu 20.04+ or compatible Linux distribution
#    - Minimum 8GB RAM for full DNS simulations
#    - Minimum 4GB RAM for quick verifications
# 
# 4. Verification Reproducibility:
#    - CI/CD workflows cache dependencies using hashes
#    - Regression baselines stored in Results/Regression/
#    - Use --regression flag for strict reproducibility checks
# 
# 5. Numerical Precision:
#    - All computations use IEEE 754 double precision
#    - Spectral methods use 2/3 dealiasing rule
#    - Time integration: RK4 with fixed time steps
#    - Default tolerances defined in configuration dataclasses
# 
# ============================================================================
# VERIFICATION HASH (for integrity checking)
# ============================================================================
# This section can be used to verify the integrity of the environment
# Hash: SHA256 of concatenated package versions
# Generate with: shasum -a 256 ENV.lock
# 
# To verify environment integrity:
# 1. Check Python version: python --version
# 2. Install dependencies: pip install -r requirements.txt
# 3. Verify environment: bash Scripts/verify_environment.sh
# 4. Check Lean version: cat lean-toolchain
# 5. Verify Lake manifest: lake update --dry-run
# 
# ============================================================================
